
Microsoft Visual Studio Solution File, Format Version 12.00
# Visual Studio Version 17
VisualStudioVersion = 17.9.34902.65
MinimumVisualStudioVersion = 10.0.40219.1
Project("{FAE04EC0-301F-11D3-BF4B-00C04F79EFBC}") = "TwinsStore", "TwinsStore.csproj", "{8B277E02-A05A-40CB-BA00-2B2A96AF8C79}"
EndProject
Global
	GlobalSection(SolutionConfigurationPlatforms) = preSolution
		Debug|Any CPU = Debug|Any CPU
		Release|Any CPU = Release|Any CPU
	EndGlobalSection
	GlobalSection(ProjectConfigurationPlatforms) = postSolution
		{8B277E02-A05A-40CB-BA00-2B2A96AF8C79}.Debug|Any CPU.ActiveCfg = Debug|Any CPU
		{8B277E02-A05A-40CB-BA00-2B2A96AF8C79}.Debug|Any CPU.Build.0 = Debug|Any CPU
		{8B277E02-A05A-40CB-BA00-2B2A96AF8C79}.Release|Any CPU.ActiveCfg = Release|Any CPU
		{8B277E02-A05A-40CB-BA00-2B2A96AF8C79}.Release|Any CPU.Build.0 = Release|Any CPU
	EndGlobalSection
	GlobalSection(SolutionProperties) = preSolution
		HideSolutionNode = FALSE
	EndGlobalSection
	GlobalSection(ExtensibilityGlobals) = postSolution
		SolutionGuid = {11AB4C02-ED25-46AE-BC3A-5D7CF36B98C7}
	EndGlobalSection
EndGlobal
